
Microsoft Visual Studio Solution File, Format Version 12.00
# Visual Studio Version 17
VisualStudioVersion = 17.9.34714.143
MinimumVisualStudioVersion = 10.0.40219.1
Project("{2150E333-8FDC-42A3-9474-1A3956D46DE8}") = "src", "src", "{072D3C5D-A113-45B6-86D6-EF5C54ECA984}"
EndProject
Project("{2150E333-8FDC-42A3-9474-1A3956D46DE8}") = "tests", "tests", "{4370858E-DFB5-4590-AE4D-270098CCAB79}"
EndProject
Project("{9A19103F-16F7-4668-BE54-9A1E7A4F7556}") = "ChineseCheckers.ApiService", "src\ChineseCheckers.ApiService\ChineseCheckers.ApiService.csproj", "{BBBE944F-376B-4926-9203-378C0A49073D}"
EndProject
Project("{9A19103F-16F7-4668-BE54-9A1E7A4F7556}") = "ChineseCheckers.AppHost", "src\ChineseCheckers.AppHost\ChineseCheckers.AppHost.csproj", "{D37FAAAC-559A-4BEA-928E-463F280D3CF3}"
EndProject
Project("{9A19103F-16F7-4668-BE54-9A1E7A4F7556}") = "ChineseCheckers.ServiceDefaults", "src\ChineseCheckers.ServiceDefaults\ChineseCheckers.ServiceDefaults.csproj", "{55A8D52B-432B-477F-84F7-3C2565B922EC}"
EndProject
Project("{9A19103F-16F7-4668-BE54-9A1E7A4F7556}") = "ChineseCheckers.Web", "src\ChineseCheckers.Web\ChineseCheckers.Web.csproj", "{0D1D26B1-A598-4942-B009-847E26A42A67}"
EndProject
Project("{9A19103F-16F7-4668-BE54-9A1E7A4F7556}") = "ChineseCheckers.Tests", "tests\ChineseCheckers.Tests\ChineseCheckers.Tests.csproj", "{07C57EBD-0711-4F4A-A438-18F95CE7393D}"
EndProject
Project("{FAE04EC0-301F-11D3-BF4B-00C04F79EFBC}") = "ChineseCheckers.Domain", "src\ChineseCheckers.Domain\ChineseCheckers.Domain.csproj", "{50647B55-A7DC-456F-941A-51957FEEB148}"
EndProject
Global
	GlobalSection(SolutionConfigurationPlatforms) = preSolution
		Debug|Any CPU = Debug|Any CPU
		Release|Any CPU = Release|Any CPU
	EndGlobalSection
	GlobalSection(ProjectConfigurationPlatforms) = postSolution
		{BBBE944F-376B-4926-9203-378C0A49073D}.Debug|Any CPU.ActiveCfg = Debug|Any CPU
		{BBBE944F-376B-4926-9203-378C0A49073D}.Debug|Any CPU.Build.0 = Debug|Any CPU
		{BBBE944F-376B-4926-9203-378C0A49073D}.Release|Any CPU.ActiveCfg = Release|Any CPU
		{BBBE944F-376B-4926-9203-378C0A49073D}.Release|Any CPU.Build.0 = Release|Any CPU
		{D37FAAAC-559A-4BEA-928E-463F280D3CF3}.Debug|Any CPU.ActiveCfg = Debug|Any CPU
		{D37FAAAC-559A-4BEA-928E-463F280D3CF3}.Debug|Any CPU.Build.0 = Debug|Any CPU
		{D37FAAAC-559A-4BEA-928E-463F280D3CF3}.Release|Any CPU.ActiveCfg = Release|Any CPU
		{D37FAAAC-559A-4BEA-928E-463F280D3CF3}.Release|Any CPU.Build.0 = Release|Any CPU
		{55A8D52B-432B-477F-84F7-3C2565B922EC}.Debug|Any CPU.ActiveCfg = Debug|Any CPU
		{55A8D52B-432B-477F-84F7-3C2565B922EC}.Debug|Any CPU.Build.0 = Debug|Any CPU
		{55A8D52B-432B-477F-84F7-3C2565B922EC}.Release|Any CPU.ActiveCfg = Release|Any CPU
		{55A8D52B-432B-477F-84F7-3C2565B922EC}.Release|Any CPU.Build.0 = Release|Any CPU
		{0D1D26B1-A598-4942-B009-847E26A42A67}.Debug|Any CPU.ActiveCfg = Debug|Any CPU
		{0D1D26B1-A598-4942-B009-847E26A42A67}.Debug|Any CPU.Build.0 = Debug|Any CPU
		{0D1D26B1-A598-4942-B009-847E26A42A67}.Release|Any CPU.ActiveCfg = Release|Any CPU
		{0D1D26B1-A598-4942-B009-847E26A42A67}.Release|Any CPU.Build.0 = Release|Any CPU
		{07C57EBD-0711-4F4A-A438-18F95CE7393D}.Debug|Any CPU.ActiveCfg = Debug|Any CPU
		{07C57EBD-0711-4F4A-A438-18F95CE7393D}.Debug|Any CPU.Build.0 = Debug|Any CPU
		{07C57EBD-0711-4F4A-A438-18F95CE7393D}.Release|Any CPU.ActiveCfg = Release|Any CPU
		{07C57EBD-0711-4F4A-A438-18F95CE7393D}.Release|Any CPU.Build.0 = Release|Any CPU
		{50647B55-A7DC-456F-941A-51957FEEB148}.Debug|Any CPU.ActiveCfg = Debug|Any CPU
		{50647B55-A7DC-456F-941A-51957FEEB148}.Debug|Any CPU.Build.0 = Debug|Any CPU
		{50647B55-A7DC-456F-941A-51957FEEB148}.Release|Any CPU.ActiveCfg = Release|Any CPU
		{50647B55-A7DC-456F-941A-51957FEEB148}.Release|Any CPU.Build.0 = Release|Any CPU
	EndGlobalSection
	GlobalSection(SolutionProperties) = preSolution
		HideSolutionNode = FALSE
	EndGlobalSection
	GlobalSection(NestedProjects) = preSolution
		{BBBE944F-376B-4926-9203-378C0A49073D} = {072D3C5D-A113-45B6-86D6-EF5C54ECA984}
		{D37FAAAC-559A-4BEA-928E-463F280D3CF3} = {072D3C5D-A113-45B6-86D6-EF5C54ECA984}
		{55A8D52B-432B-477F-84F7-3C2565B922EC} = {072D3C5D-A113-45B6-86D6-EF5C54ECA984}
		{0D1D26B1-A598-4942-B009-847E26A42A67} = {072D3C5D-A113-45B6-86D6-EF5C54ECA984}
		{07C57EBD-0711-4F4A-A438-18F95CE7393D} = {4370858E-DFB5-4590-AE4D-270098CCAB79}
		{50647B55-A7DC-456F-941A-51957FEEB148} = {072D3C5D-A113-45B6-86D6-EF5C54ECA984}
	EndGlobalSection
	GlobalSection(ExtensibilityGlobals) = postSolution
		SolutionGuid = {613C01CF-175B-4931-9732-C7B2185B03B2}
	EndGlobalSection
EndGlobal
