Microsoft Visual Studio Solution File, Format Version 12.00
# Visual Studio Version 17
VisualStudioVersion = 17.8.0.0
MinimumVisualStudioVersion = 17.8.0.0
Project("{9A19103F-16F7-4668-BE54-9A1E7A4F7556}") = "ChineseCheckers.AppHost", "ChineseCheckers.AppHost\ChineseCheckers.AppHost.csproj", "{AC4819D0-2BB0-404D-901E-625309EBC990}"
EndProject
Project("{9A19103F-16F7-4668-BE54-9A1E7A4F7556}") = "ChineseCheckers.ServiceDefaults", "ChineseCheckers.ServiceDefaults\ChineseCheckers.ServiceDefaults.csproj", "{A35E8ED3-CD26-40E4-A78D-6642C4383D84}"
EndProject
Project("{9A19103F-16F7-4668-BE54-9A1E7A4F7556}") = "ChineseCheckers.ApiService", "ChineseCheckers.ApiService\ChineseCheckers.ApiService.csproj", "{7FE4A1BE-62A7-4B8D-85C1-2894D307CFBA}"
EndProject
Project("{9A19103F-16F7-4668-BE54-9A1E7A4F7556}") = "ChineseCheckers.Web", "ChineseCheckers.Web\ChineseCheckers.Web.csproj", "{913EA87E-B14B-4DE6-AA1A-D5033D1F4A15}"
EndProject
Global
	GlobalSection(SolutionConfigurationPlatforms) = preSolution
		Debug|Any CPU = Debug|Any CPU
		Release|Any CPU = Release|Any CPU
	EndGlobalSection
	GlobalSection(ProjectConfigurationPlatforms) = postSolution
		{AC4819D0-2BB0-404D-901E-625309EBC990}.Debug|Any CPU.ActiveCfg = Debug|Any CPU
		{AC4819D0-2BB0-404D-901E-625309EBC990}.Debug|Any CPU.Build.0 = Debug|Any CPU
		{AC4819D0-2BB0-404D-901E-625309EBC990}.Release|Any CPU.ActiveCfg = Release|Any CPU
		{AC4819D0-2BB0-404D-901E-625309EBC990}.Release|Any CPU.Build.0 = Release|Any CPU
		{A35E8ED3-CD26-40E4-A78D-6642C4383D84}.Debug|Any CPU.ActiveCfg = Debug|Any CPU
		{A35E8ED3-CD26-40E4-A78D-6642C4383D84}.Debug|Any CPU.Build.0 = Debug|Any CPU
		{A35E8ED3-CD26-40E4-A78D-6642C4383D84}.Release|Any CPU.ActiveCfg = Release|Any CPU
		{A35E8ED3-CD26-40E4-A78D-6642C4383D84}.Release|Any CPU.Build.0 = Release|Any CPU
		{7FE4A1BE-62A7-4B8D-85C1-2894D307CFBA}.Debug|Any CPU.ActiveCfg = Debug|Any CPU
		{7FE4A1BE-62A7-4B8D-85C1-2894D307CFBA}.Debug|Any CPU.Build.0 = Debug|Any CPU
		{7FE4A1BE-62A7-4B8D-85C1-2894D307CFBA}.Release|Any CPU.ActiveCfg = Release|Any CPU
		{7FE4A1BE-62A7-4B8D-85C1-2894D307CFBA}.Release|Any CPU.Build.0 = Release|Any CPU
		{913EA87E-B14B-4DE6-AA1A-D5033D1F4A15}.Debug|Any CPU.ActiveCfg = Debug|Any CPU
		{913EA87E-B14B-4DE6-AA1A-D5033D1F4A15}.Debug|Any CPU.Build.0 = Debug|Any CPU
		{913EA87E-B14B-4DE6-AA1A-D5033D1F4A15}.Release|Any CPU.ActiveCfg = Release|Any CPU
		{913EA87E-B14B-4DE6-AA1A-D5033D1F4A15}.Release|Any CPU.Build.0 = Release|Any CPU
	EndGlobalSection
	GlobalSection(SolutionProperties) = preSolution
		HideSolutionNode = FALSE
	EndGlobalSection
	GlobalSection(ExtensibilityGlobals) = postSolution
		SolutionGuid = {6DE1A93F-AEBF-4996-9989-786C2D95EA7E}
	EndGlobalSection
EndGlobal
